<?xml version="1.0" encoding="utf-8"?>
<Project ToolsVersion="4.0" xmlns="http://schemas.microsoft.com/developer/msbuild/2003">
  <ItemGroup>
    <Filter Include="Header Files">
      <UniqueIdentifier>{93995380-89BD-4b04-88EB-625FBE52EBFB}</UniqueIdentifier>
      <Extensions>h;hpp;hxx;hm;inl;inc;xsd</Extensions>
    </Filter>
    <Filter Include="Resource Files">
      <UniqueIdentifier>{67DA6AB6-F800-4c08-8B7A-83BB121AAD01}</UniqueIdentifier>
      <Extensions>rc;ico;cur;bmp;dlg;rc2;rct;bin;rgs;gif;jpg;jpeg;jpe;resx;tiff;tif;png;wav;mfcribbon-ms</Extensions>
    </Filter>
  </ItemGroup>
  <ItemGroup>
    <ClInclude Include="glutBase.h">
      <Filter>Header Files</Filter>
    </ClInclude>
    <ClInclude Include="OpenGLApplicationBase.h">
      <Filter>Header Files</Filter>
    </ClInclude>
    <ClInclude Include="VisualObject.h">
      <Filter>Header Files</Filter>
    </ClInclude>
    <ClInclude Include="BuildShaderProgram.h">
      <Filter>Header Files</Filter>
    </ClInclude>
    <ClInclude Include="SharedProjectionAndViewing.h">
      <Filter>Header Files</Filter>
    </ClInclude>
    <ClInclude Include="vertexStructs.h">
      <Filter>Header Files</Filter>
    </ClInclude>
    <ClInclude Include="Floor.h">
      <Filter>Header Files</Filter>
    </ClInclude>
    <ClInclude Include="Pyramid.h">
      <Filter>Header Files</Filter>
    </ClInclude>
    <ClInclude Include="Controller.h">
      <Filter>Header Files</Filter>
    </ClInclude>
    <ClInclude Include="OrbitController.h">
      <Filter>Header Files</Filter>
    </ClInclude>
    <ClInclude Include="SpinnerController.h">
      <Filter>Header Files</Filter>
    </ClInclude>
    <ClInclude Include="WaypointController.h">
      <Filter>Header Files</Filter>
    </ClInclude>
    <ClInclude Include="Material.h">
      <Filter>Header Files</Filter>
    </ClInclude>
    <ClInclude Include="GlutObject.h">
      <Filter>Header Files</Filter>
    </ClInclude>
    <ClInclude Include="Torus.h">
      <Filter>Header Files</Filter>
    </ClInclude>
    <ClInclude Include="font.h">
      <Filter>Header Files</Filter>
    </ClInclude>
    <ClInclude Include="Cylinder.h">
      <Filter>Header Files</Filter>
    </ClInclude>
    <ClInclude Include="Cube.h">
      <Filter>Header Files</Filter>
    </ClInclude>
    <ClInclude Include="Floor2.h">
      <Filter>Header Files</Filter>
    </ClInclude>
    <ClInclude Include="Sphere.h">
      <Filter>Header Files</Filter>
    </ClInclude>
    <ClInclude Include="textureCoordinates.h">
      <Filter>Header Files</Filter>
    </ClInclude>
    <ClInclude Include="Cone.h">
      <Filter>Header Files</Filter>
    </ClInclude>
  </ItemGroup>
  <ItemGroup>
    <ClCompile Include="textureCoordinates.cpp">
      <Filter>Resource Files</Filter>
    </ClCompile>
    <ClCompile Include="Torus.cpp">
      <Filter>Resource Files</Filter>
    </ClCompile>
    <ClCompile Include="VisualObject.cpp">
      <Filter>Resource Files</Filter>
    </ClCompile>
    <ClCompile Include="BuildShaderProgram.cpp">
      <Filter>Resource Files</Filter>
    </ClCompile>
    <ClCompile Include="Cone.cpp">
      <Filter>Resource Files</Filter>
    </ClCompile>
    <ClCompile Include="Controller.cpp">
      <Filter>Resource Files</Filter>
    </ClCompile>
    <ClCompile Include="Cube.cpp">
      <Filter>Resource Files</Filter>
    </ClCompile>
    <ClCompile Include="Cylinder.cpp">
      <Filter>Resource Files</Filter>
    </ClCompile>
    <ClCompile Include="Floor.cpp">
      <Filter>Resource Files</Filter>
    </ClCompile>
    <ClCompile Include="Floor2.cpp">
      <Filter>Resource Files</Filter>
    </ClCompile>
    <ClCompile Include="glutBase.cpp">
      <Filter>Resource Files</Filter>
    </ClCompile>
    <ClCompile Include="GlutObject.cpp">
      <Filter>Resource Files</Filter>
    </ClCompile>
    <ClCompile Include="Material.cpp">
      <Filter>Resource Files</Filter>
    </ClCompile>
    <ClCompile Include="OpenGLApplicationBase.cpp">
      <Filter>Resource Files</Filter>
    </ClCompile>
    <ClCompile Include="OrbitController.cpp">
      <Filter>Resource Files</Filter>
    </ClCompile>
    <ClCompile Include="Pyramid.cpp">
      <Filter>Resource Files</Filter>
    </ClCompile>
    <ClCompile Include="SharedProjectionAndViewing.cpp">
      <Filter>Resource Files</Filter>
    </ClCompile>
    <ClCompile Include="Sphere.cpp">
      <Filter>Resource Files</Filter>
    </ClCompile>
    <ClCompile Include="SpinnerController.cpp">
      <Filter>Resource Files</Filter>
    </ClCompile>
    <ClCompile Include="WaypointController.cpp">
      <Filter>Resource Files</Filter>
    </ClCompile>
  </ItemGroup>
</Project>