
Microsoft Visual Studio Solution File, Format Version 12.00
# Visual Studio 2012
Project("{8BC9CEB8-8B4A-11D0-8D11-00A0C91BC942}") = "OpenGlCse386", "OpenGlCse386\OpenGlCse386.vcxproj", "{7CFB5C97-484D-4D87-8C7B-440F79394E04}"
EndProject
Project("{8BC9CEB8-8B4A-11D0-8D11-00A0C91BC942}") = "Project1Continnd", "Project1Continnd\Project1Continnd.vcxproj", "{CDBFC7D6-750E-43BC-A8A2-023BD6AADBBD}"
	ProjectSection(ProjectDependencies) = postProject
		{7CFB5C97-484D-4D87-8C7B-440F79394E04} = {7CFB5C97-484D-4D87-8C7B-440F79394E04}
	EndProjectSection
EndProject
Project("{8BC9CEB8-8B4A-11D0-8D11-00A0C91BC942}") = "FinalProject", "FinalProject\FinalProject.vcxproj", "{A901AEBD-74D8-4234-92DC-2853A26D85FD}"
	ProjectSection(ProjectDependencies) = postProject
		{7CFB5C97-484D-4D87-8C7B-440F79394E04} = {7CFB5C97-484D-4D87-8C7B-440F79394E04}
	EndProjectSection
EndProject
Global
	GlobalSection(SolutionConfigurationPlatforms) = preSolution
		Debug|Win32 = Debug|Win32
		Release|Win32 = Release|Win32
	EndGlobalSection
	GlobalSection(ProjectConfigurationPlatforms) = postSolution
		{7CFB5C97-484D-4D87-8C7B-440F79394E04}.Debug|Win32.ActiveCfg = Debug|Win32
		{7CFB5C97-484D-4D87-8C7B-440F79394E04}.Debug|Win32.Build.0 = Debug|Win32
		{7CFB5C97-484D-4D87-8C7B-440F79394E04}.Release|Win32.ActiveCfg = Release|Win32
		{7CFB5C97-484D-4D87-8C7B-440F79394E04}.Release|Win32.Build.0 = Release|Win32
		{CDBFC7D6-750E-43BC-A8A2-023BD6AADBBD}.Debug|Win32.ActiveCfg = Debug|Win32
		{CDBFC7D6-750E-43BC-A8A2-023BD6AADBBD}.Debug|Win32.Build.0 = Debug|Win32
		{CDBFC7D6-750E-43BC-A8A2-023BD6AADBBD}.Release|Win32.ActiveCfg = Release|Win32
		{CDBFC7D6-750E-43BC-A8A2-023BD6AADBBD}.Release|Win32.Build.0 = Release|Win32
		{A901AEBD-74D8-4234-92DC-2853A26D85FD}.Debug|Win32.ActiveCfg = Debug|Win32
		{A901AEBD-74D8-4234-92DC-2853A26D85FD}.Debug|Win32.Build.0 = Debug|Win32
		{A901AEBD-74D8-4234-92DC-2853A26D85FD}.Release|Win32.ActiveCfg = Release|Win32
		{A901AEBD-74D8-4234-92DC-2853A26D85FD}.Release|Win32.Build.0 = Release|Win32
	EndGlobalSection
	GlobalSection(SolutionProperties) = preSolution
		HideSolutionNode = FALSE
	EndGlobalSection
EndGlobal
